
Microsoft Visual Studio Solution File, Format Version 12.00
# Visual Studio Version 17
Project("{2150E333-8FDC-42A3-9474-1A3956D46DE8}") = "CMakePredefinedTargets", "CMakePredefinedTargets", "{6264B002-7983-3F4E-A01B-E6AF7CA39BB9}"
EndProject
Project("{8BC9CEB8-8B4A-11D0-8D11-00A0C91BC942}") = "ALL_BUILD", "ALL_BUILD.vcxproj", "{6245E271-194C-31BC-8C8F-E810E4C6990C}"
	ProjectSection(ProjectDependencies) = postProject
		{D5D35D97-82A5-3FA2-9D68-8C62AD104E52} = {D5D35D97-82A5-3FA2-9D68-8C62AD104E52}
		{EA6F21FF-2B72-3DCD-B702-22C53F38C6C5} = {EA6F21FF-2B72-3DCD-B702-22C53F38C6C5}
		{12600598-CF06-3223-8A99-E0B7964BB753} = {12600598-CF06-3223-8A99-E0B7964BB753}
		{A866A6D4-08D0-3B56-A9D0-B4D61ADE4DCB} = {A866A6D4-08D0-3B56-A9D0-B4D61ADE4DCB}
	EndProjectSection
EndProject
Project("{8BC9CEB8-8B4A-11D0-8D11-00A0C91BC942}") = "INSTALL", "INSTALL.vcxproj", "{F6C439AE-74DC-374D-8638-324A2AE05BE2}"
	ProjectSection(ProjectDependencies) = postProject
		{6245E271-194C-31BC-8C8F-E810E4C6990C} = {6245E271-194C-31BC-8C8F-E810E4C6990C}
		{D5D35D97-82A5-3FA2-9D68-8C62AD104E52} = {D5D35D97-82A5-3FA2-9D68-8C62AD104E52}
	EndProjectSection
EndProject
Project("{8BC9CEB8-8B4A-11D0-8D11-00A0C91BC942}") = "ZERO_CHECK", "..\\ZERO_CHECK.vcxproj", "{D5D35D97-82A5-3FA2-9D68-8C62AD104E52}"
	ProjectSection(ProjectDependencies) = postProject
	EndProjectSection
EndProject
Project("{8BC9CEB8-8B4A-11D0-8D11-00A0C91BC942}") = "ggml", "src\ggml.vcxproj", "{EA6F21FF-2B72-3DCD-B702-22C53F38C6C5}"
	ProjectSection(ProjectDependencies) = postProject
		{D5D35D97-82A5-3FA2-9D68-8C62AD104E52} = {D5D35D97-82A5-3FA2-9D68-8C62AD104E52}
		{12600598-CF06-3223-8A99-E0B7964BB753} = {12600598-CF06-3223-8A99-E0B7964BB753}
		{A866A6D4-08D0-3B56-A9D0-B4D61ADE4DCB} = {A866A6D4-08D0-3B56-A9D0-B4D61ADE4DCB}
	EndProjectSection
EndProject
Project("{8BC9CEB8-8B4A-11D0-8D11-00A0C91BC942}") = "ggml-base", "src\ggml-base.vcxproj", "{12600598-CF06-3223-8A99-E0B7964BB753}"
	ProjectSection(ProjectDependencies) = postProject
		{D5D35D97-82A5-3FA2-9D68-8C62AD104E52} = {D5D35D97-82A5-3FA2-9D68-8C62AD104E52}
	EndProjectSection
EndProject
Project("{8BC9CEB8-8B4A-11D0-8D11-00A0C91BC942}") = "ggml-cpu", "src\ggml-cpu.vcxproj", "{A866A6D4-08D0-3B56-A9D0-B4D61ADE4DCB}"
	ProjectSection(ProjectDependencies) = postProject
		{D5D35D97-82A5-3FA2-9D68-8C62AD104E52} = {D5D35D97-82A5-3FA2-9D68-8C62AD104E52}
		{12600598-CF06-3223-8A99-E0B7964BB753} = {12600598-CF06-3223-8A99-E0B7964BB753}
	EndProjectSection
EndProject
Global
	GlobalSection(SolutionConfigurationPlatforms) = preSolution
		Debug|x64 = Debug|x64
		Release|x64 = Release|x64
		MinSizeRel|x64 = MinSizeRel|x64
		RelWithDebInfo|x64 = RelWithDebInfo|x64
	EndGlobalSection
	GlobalSection(ProjectConfigurationPlatforms) = postSolution
		{6245E271-194C-31BC-8C8F-E810E4C6990C}.Debug|x64.ActiveCfg = Debug|x64
		{6245E271-194C-31BC-8C8F-E810E4C6990C}.Debug|x64.Build.0 = Debug|x64
		{6245E271-194C-31BC-8C8F-E810E4C6990C}.Release|x64.ActiveCfg = Release|x64
		{6245E271-194C-31BC-8C8F-E810E4C6990C}.Release|x64.Build.0 = Release|x64
		{6245E271-194C-31BC-8C8F-E810E4C6990C}.MinSizeRel|x64.ActiveCfg = MinSizeRel|x64
		{6245E271-194C-31BC-8C8F-E810E4C6990C}.MinSizeRel|x64.Build.0 = MinSizeRel|x64
		{6245E271-194C-31BC-8C8F-E810E4C6990C}.RelWithDebInfo|x64.ActiveCfg = RelWithDebInfo|x64
		{6245E271-194C-31BC-8C8F-E810E4C6990C}.RelWithDebInfo|x64.Build.0 = RelWithDebInfo|x64
		{F6C439AE-74DC-374D-8638-324A2AE05BE2}.Debug|x64.ActiveCfg = Debug|x64
		{F6C439AE-74DC-374D-8638-324A2AE05BE2}.Release|x64.ActiveCfg = Release|x64
		{F6C439AE-74DC-374D-8638-324A2AE05BE2}.MinSizeRel|x64.ActiveCfg = MinSizeRel|x64
		{F6C439AE-74DC-374D-8638-324A2AE05BE2}.RelWithDebInfo|x64.ActiveCfg = RelWithDebInfo|x64
		{D5D35D97-82A5-3FA2-9D68-8C62AD104E52}.Debug|x64.ActiveCfg = Debug|x64
		{D5D35D97-82A5-3FA2-9D68-8C62AD104E52}.Debug|x64.Build.0 = Debug|x64
		{D5D35D97-82A5-3FA2-9D68-8C62AD104E52}.Release|x64.ActiveCfg = Release|x64
		{D5D35D97-82A5-3FA2-9D68-8C62AD104E52}.Release|x64.Build.0 = Release|x64
		{D5D35D97-82A5-3FA2-9D68-8C62AD104E52}.MinSizeRel|x64.ActiveCfg = MinSizeRel|x64
		{D5D35D97-82A5-3FA2-9D68-8C62AD104E52}.MinSizeRel|x64.Build.0 = MinSizeRel|x64
		{D5D35D97-82A5-3FA2-9D68-8C62AD104E52}.RelWithDebInfo|x64.ActiveCfg = RelWithDebInfo|x64
		{D5D35D97-82A5-3FA2-9D68-8C62AD104E52}.RelWithDebInfo|x64.Build.0 = RelWithDebInfo|x64
		{EA6F21FF-2B72-3DCD-B702-22C53F38C6C5}.Debug|x64.ActiveCfg = Debug|x64
		{EA6F21FF-2B72-3DCD-B702-22C53F38C6C5}.Debug|x64.Build.0 = Debug|x64
		{EA6F21FF-2B72-3DCD-B702-22C53F38C6C5}.Release|x64.ActiveCfg = Release|x64
		{EA6F21FF-2B72-3DCD-B702-22C53F38C6C5}.Release|x64.Build.0 = Release|x64
		{EA6F21FF-2B72-3DCD-B702-22C53F38C6C5}.MinSizeRel|x64.ActiveCfg = MinSizeRel|x64
		{EA6F21FF-2B72-3DCD-B702-22C53F38C6C5}.MinSizeRel|x64.Build.0 = MinSizeRel|x64
		{EA6F21FF-2B72-3DCD-B702-22C53F38C6C5}.RelWithDebInfo|x64.ActiveCfg = RelWithDebInfo|x64
		{EA6F21FF-2B72-3DCD-B702-22C53F38C6C5}.RelWithDebInfo|x64.Build.0 = RelWithDebInfo|x64
		{12600598-CF06-3223-8A99-E0B7964BB753}.Debug|x64.ActiveCfg = Debug|x64
		{12600598-CF06-3223-8A99-E0B7964BB753}.Debug|x64.Build.0 = Debug|x64
		{12600598-CF06-3223-8A99-E0B7964BB753}.Release|x64.ActiveCfg = Release|x64
		{12600598-CF06-3223-8A99-E0B7964BB753}.Release|x64.Build.0 = Release|x64
		{12600598-CF06-3223-8A99-E0B7964BB753}.MinSizeRel|x64.ActiveCfg = MinSizeRel|x64
		{12600598-CF06-3223-8A99-E0B7964BB753}.MinSizeRel|x64.Build.0 = MinSizeRel|x64
		{12600598-CF06-3223-8A99-E0B7964BB753}.RelWithDebInfo|x64.ActiveCfg = RelWithDebInfo|x64
		{12600598-CF06-3223-8A99-E0B7964BB753}.RelWithDebInfo|x64.Build.0 = RelWithDebInfo|x64
		{A866A6D4-08D0-3B56-A9D0-B4D61ADE4DCB}.Debug|x64.ActiveCfg = Debug|x64
		{A866A6D4-08D0-3B56-A9D0-B4D61ADE4DCB}.Debug|x64.Build.0 = Debug|x64
		{A866A6D4-08D0-3B56-A9D0-B4D61ADE4DCB}.Release|x64.ActiveCfg = Release|x64
		{A866A6D4-08D0-3B56-A9D0-B4D61ADE4DCB}.Release|x64.Build.0 = Release|x64
		{A866A6D4-08D0-3B56-A9D0-B4D61ADE4DCB}.MinSizeRel|x64.ActiveCfg = MinSizeRel|x64
		{A866A6D4-08D0-3B56-A9D0-B4D61ADE4DCB}.MinSizeRel|x64.Build.0 = MinSizeRel|x64
		{A866A6D4-08D0-3B56-A9D0-B4D61ADE4DCB}.RelWithDebInfo|x64.ActiveCfg = RelWithDebInfo|x64
		{A866A6D4-08D0-3B56-A9D0-B4D61ADE4DCB}.RelWithDebInfo|x64.Build.0 = RelWithDebInfo|x64
	EndGlobalSection
	GlobalSection(NestedProjects) = preSolution
		{6245E271-194C-31BC-8C8F-E810E4C6990C} = {6264B002-7983-3F4E-A01B-E6AF7CA39BB9}
		{F6C439AE-74DC-374D-8638-324A2AE05BE2} = {6264B002-7983-3F4E-A01B-E6AF7CA39BB9}
		{D5D35D97-82A5-3FA2-9D68-8C62AD104E52} = {6264B002-7983-3F4E-A01B-E6AF7CA39BB9}
	EndGlobalSection
	GlobalSection(ExtensibilityGlobals) = postSolution
		SolutionGuid = {7CD58290-D357-3FC9-BBF4-AEAB22C50C22}
	EndGlobalSection
	GlobalSection(ExtensibilityAddIns) = postSolution
	EndGlobalSection
EndGlobal
