<?xml version="1.0" encoding="utf-8"?>
<Project ToolsVersion="17.0" xmlns="http://schemas.microsoft.com/developer/msbuild/2003">
  <ItemGroup>
    <CustomBuild Include="T:\projects\whisper.cpp\build_tbb\CMakeFiles\1a503b83c54922072cb873829235cc2f\INSTALL_force.rule">
      <Filter>CMake Rules</Filter>
    </CustomBuild>
  </ItemGroup>
  <ItemGroup>
    <Filter Include="CMake Rules">
      <UniqueIdentifier>{ECB77B57-EC9A-3931-90B5-160B0C565874}</UniqueIdentifier>
    </Filter>
  </ItemGroup>
</Project>
