
Microsoft Visual Studio Solution File, Format Version 12.00
# Visual Studio Version 17
Project("{2150E333-8FDC-42A3-9474-1A3956D46DE8}") = "CMakePredefinedTargets", "CMakePredefinedTargets", "{6264B002-7983-3F4E-A01B-E6AF7CA39BB9}"
EndProject
Project("{2150E333-8FDC-42A3-9474-1A3956D46DE8}") = "libs", "libs", "{C3C7BAFA-3BAB-31F1-8CCA-48E81A048D2E}"
EndProject
Project("{8BC9CEB8-8B4A-11D0-8D11-00A0C91BC942}") = "ALL_BUILD", "ALL_BUILD.vcxproj", "{6245E271-194C-31BC-8C8F-E810E4C6990C}"
	ProjectSection(ProjectDependencies) = postProject
		{D5D35D97-82A5-3FA2-9D68-8C62AD104E52} = {D5D35D97-82A5-3FA2-9D68-8C62AD104E52}
		{590A1C6F-9686-3817-BED5-C41BB80F2458} = {590A1C6F-9686-3817-BED5-C41BB80F2458}
		{57A73C05-409B-385B-96AD-21907B8967C0} = {57A73C05-409B-385B-96AD-21907B8967C0}
		{17CBCB54-3B2C-3108-BFFB-D29058518656} = {17CBCB54-3B2C-3108-BFFB-D29058518656}
		{EA6F21FF-2B72-3DCD-B702-22C53F38C6C5} = {EA6F21FF-2B72-3DCD-B702-22C53F38C6C5}
		{12600598-CF06-3223-8A99-E0B7964BB753} = {12600598-CF06-3223-8A99-E0B7964BB753}
		{A866A6D4-08D0-3B56-A9D0-B4D61ADE4DCB} = {A866A6D4-08D0-3B56-A9D0-B4D61ADE4DCB}
		{47C18A8C-453D-3523-89D0-6F5D22E06909} = {47C18A8C-453D-3523-89D0-6F5D22E06909}
		{117ACF43-5B51-356E-8484-B2398E1C3906} = {117ACF43-5B51-356E-8484-B2398E1C3906}
		{C9C20557-06F7-387B-9EB1-FBB267BE9A11} = {C9C20557-06F7-387B-9EB1-FBB267BE9A11}
		{654E08F9-DBDE-395B-9249-8B655C456F2F} = {654E08F9-DBDE-395B-9249-8B655C456F2F}
		{500B75FB-5A30-3146-AF0D-7CCBFBF2E87C} = {500B75FB-5A30-3146-AF0D-7CCBFBF2E87C}
		{43A9980D-7DC1-3D21-BADA-6D74D7A8FF9D} = {43A9980D-7DC1-3D21-BADA-6D74D7A8FF9D}
		{B43BDEB0-9BFF-3947-8F17-AF5DE975061C} = {B43BDEB0-9BFF-3947-8F17-AF5DE975061C}
	EndProjectSection
EndProject
Project("{8BC9CEB8-8B4A-11D0-8D11-00A0C91BC942}") = "INSTALL", "INSTALL.vcxproj", "{F6C439AE-74DC-374D-8638-324A2AE05BE2}"
	ProjectSection(ProjectDependencies) = postProject
		{6245E271-194C-31BC-8C8F-E810E4C6990C} = {6245E271-194C-31BC-8C8F-E810E4C6990C}
		{D5D35D97-82A5-3FA2-9D68-8C62AD104E52} = {D5D35D97-82A5-3FA2-9D68-8C62AD104E52}
	EndProjectSection
EndProject
Project("{8BC9CEB8-8B4A-11D0-8D11-00A0C91BC942}") = "ZERO_CHECK", "ZERO_CHECK.vcxproj", "{D5D35D97-82A5-3FA2-9D68-8C62AD104E52}"
	ProjectSection(ProjectDependencies) = postProject
	EndProjectSection
EndProject
Project("{8BC9CEB8-8B4A-11D0-8D11-00A0C91BC942}") = "bench", "examples\deprecation-warning\bench.vcxproj", "{590A1C6F-9686-3817-BED5-C41BB80F2458}"
	ProjectSection(ProjectDependencies) = postProject
		{D5D35D97-82A5-3FA2-9D68-8C62AD104E52} = {D5D35D97-82A5-3FA2-9D68-8C62AD104E52}
	EndProjectSection
EndProject
Project("{8BC9CEB8-8B4A-11D0-8D11-00A0C91BC942}") = "command", "examples\deprecation-warning\command.vcxproj", "{57A73C05-409B-385B-96AD-21907B8967C0}"
	ProjectSection(ProjectDependencies) = postProject
		{D5D35D97-82A5-3FA2-9D68-8C62AD104E52} = {D5D35D97-82A5-3FA2-9D68-8C62AD104E52}
	EndProjectSection
EndProject
Project("{8BC9CEB8-8B4A-11D0-8D11-00A0C91BC942}") = "common", "examples\common.vcxproj", "{17CBCB54-3B2C-3108-BFFB-D29058518656}"
	ProjectSection(ProjectDependencies) = postProject
		{D5D35D97-82A5-3FA2-9D68-8C62AD104E52} = {D5D35D97-82A5-3FA2-9D68-8C62AD104E52}
		{EA6F21FF-2B72-3DCD-B702-22C53F38C6C5} = {EA6F21FF-2B72-3DCD-B702-22C53F38C6C5}
		{12600598-CF06-3223-8A99-E0B7964BB753} = {12600598-CF06-3223-8A99-E0B7964BB753}
		{A866A6D4-08D0-3B56-A9D0-B4D61ADE4DCB} = {A866A6D4-08D0-3B56-A9D0-B4D61ADE4DCB}
		{654E08F9-DBDE-395B-9249-8B655C456F2F} = {654E08F9-DBDE-395B-9249-8B655C456F2F}
	EndProjectSection
EndProject
Project("{8BC9CEB8-8B4A-11D0-8D11-00A0C91BC942}") = "ggml", "ggml\src\ggml.vcxproj", "{EA6F21FF-2B72-3DCD-B702-22C53F38C6C5}"
	ProjectSection(ProjectDependencies) = postProject
		{D5D35D97-82A5-3FA2-9D68-8C62AD104E52} = {D5D35D97-82A5-3FA2-9D68-8C62AD104E52}
		{12600598-CF06-3223-8A99-E0B7964BB753} = {12600598-CF06-3223-8A99-E0B7964BB753}
		{A866A6D4-08D0-3B56-A9D0-B4D61ADE4DCB} = {A866A6D4-08D0-3B56-A9D0-B4D61ADE4DCB}
	EndProjectSection
EndProject
Project("{8BC9CEB8-8B4A-11D0-8D11-00A0C91BC942}") = "ggml-base", "ggml\src\ggml-base.vcxproj", "{12600598-CF06-3223-8A99-E0B7964BB753}"
	ProjectSection(ProjectDependencies) = postProject
		{D5D35D97-82A5-3FA2-9D68-8C62AD104E52} = {D5D35D97-82A5-3FA2-9D68-8C62AD104E52}
	EndProjectSection
EndProject
Project("{8BC9CEB8-8B4A-11D0-8D11-00A0C91BC942}") = "ggml-cpu", "ggml\src\ggml-cpu.vcxproj", "{A866A6D4-08D0-3B56-A9D0-B4D61ADE4DCB}"
	ProjectSection(ProjectDependencies) = postProject
		{D5D35D97-82A5-3FA2-9D68-8C62AD104E52} = {D5D35D97-82A5-3FA2-9D68-8C62AD104E52}
		{12600598-CF06-3223-8A99-E0B7964BB753} = {12600598-CF06-3223-8A99-E0B7964BB753}
	EndProjectSection
EndProject
Project("{8BC9CEB8-8B4A-11D0-8D11-00A0C91BC942}") = "main", "examples\deprecation-warning\main.vcxproj", "{47C18A8C-453D-3523-89D0-6F5D22E06909}"
	ProjectSection(ProjectDependencies) = postProject
		{D5D35D97-82A5-3FA2-9D68-8C62AD104E52} = {D5D35D97-82A5-3FA2-9D68-8C62AD104E52}
	EndProjectSection
EndProject
Project("{8BC9CEB8-8B4A-11D0-8D11-00A0C91BC942}") = "quantize", "examples\quantize\quantize.vcxproj", "{117ACF43-5B51-356E-8484-B2398E1C3906}"
	ProjectSection(ProjectDependencies) = postProject
		{D5D35D97-82A5-3FA2-9D68-8C62AD104E52} = {D5D35D97-82A5-3FA2-9D68-8C62AD104E52}
		{17CBCB54-3B2C-3108-BFFB-D29058518656} = {17CBCB54-3B2C-3108-BFFB-D29058518656}
		{EA6F21FF-2B72-3DCD-B702-22C53F38C6C5} = {EA6F21FF-2B72-3DCD-B702-22C53F38C6C5}
		{12600598-CF06-3223-8A99-E0B7964BB753} = {12600598-CF06-3223-8A99-E0B7964BB753}
		{A866A6D4-08D0-3B56-A9D0-B4D61ADE4DCB} = {A866A6D4-08D0-3B56-A9D0-B4D61ADE4DCB}
		{654E08F9-DBDE-395B-9249-8B655C456F2F} = {654E08F9-DBDE-395B-9249-8B655C456F2F}
	EndProjectSection
EndProject
Project("{8BC9CEB8-8B4A-11D0-8D11-00A0C91BC942}") = "stream", "examples\deprecation-warning\stream.vcxproj", "{C9C20557-06F7-387B-9EB1-FBB267BE9A11}"
	ProjectSection(ProjectDependencies) = postProject
		{D5D35D97-82A5-3FA2-9D68-8C62AD104E52} = {D5D35D97-82A5-3FA2-9D68-8C62AD104E52}
	EndProjectSection
EndProject
Project("{8BC9CEB8-8B4A-11D0-8D11-00A0C91BC942}") = "whisper", "src\whisper.vcxproj", "{654E08F9-DBDE-395B-9249-8B655C456F2F}"
	ProjectSection(ProjectDependencies) = postProject
		{D5D35D97-82A5-3FA2-9D68-8C62AD104E52} = {D5D35D97-82A5-3FA2-9D68-8C62AD104E52}
		{EA6F21FF-2B72-3DCD-B702-22C53F38C6C5} = {EA6F21FF-2B72-3DCD-B702-22C53F38C6C5}
		{12600598-CF06-3223-8A99-E0B7964BB753} = {12600598-CF06-3223-8A99-E0B7964BB753}
		{A866A6D4-08D0-3B56-A9D0-B4D61ADE4DCB} = {A866A6D4-08D0-3B56-A9D0-B4D61ADE4DCB}
	EndProjectSection
EndProject
Project("{8BC9CEB8-8B4A-11D0-8D11-00A0C91BC942}") = "whisper-bench", "examples\bench\whisper-bench.vcxproj", "{500B75FB-5A30-3146-AF0D-7CCBFBF2E87C}"
	ProjectSection(ProjectDependencies) = postProject
		{D5D35D97-82A5-3FA2-9D68-8C62AD104E52} = {D5D35D97-82A5-3FA2-9D68-8C62AD104E52}
		{EA6F21FF-2B72-3DCD-B702-22C53F38C6C5} = {EA6F21FF-2B72-3DCD-B702-22C53F38C6C5}
		{12600598-CF06-3223-8A99-E0B7964BB753} = {12600598-CF06-3223-8A99-E0B7964BB753}
		{A866A6D4-08D0-3B56-A9D0-B4D61ADE4DCB} = {A866A6D4-08D0-3B56-A9D0-B4D61ADE4DCB}
		{654E08F9-DBDE-395B-9249-8B655C456F2F} = {654E08F9-DBDE-395B-9249-8B655C456F2F}
	EndProjectSection
EndProject
Project("{8BC9CEB8-8B4A-11D0-8D11-00A0C91BC942}") = "whisper-cli", "examples\cli\whisper-cli.vcxproj", "{43A9980D-7DC1-3D21-BADA-6D74D7A8FF9D}"
	ProjectSection(ProjectDependencies) = postProject
		{D5D35D97-82A5-3FA2-9D68-8C62AD104E52} = {D5D35D97-82A5-3FA2-9D68-8C62AD104E52}
		{17CBCB54-3B2C-3108-BFFB-D29058518656} = {17CBCB54-3B2C-3108-BFFB-D29058518656}
		{EA6F21FF-2B72-3DCD-B702-22C53F38C6C5} = {EA6F21FF-2B72-3DCD-B702-22C53F38C6C5}
		{12600598-CF06-3223-8A99-E0B7964BB753} = {12600598-CF06-3223-8A99-E0B7964BB753}
		{A866A6D4-08D0-3B56-A9D0-B4D61ADE4DCB} = {A866A6D4-08D0-3B56-A9D0-B4D61ADE4DCB}
		{654E08F9-DBDE-395B-9249-8B655C456F2F} = {654E08F9-DBDE-395B-9249-8B655C456F2F}
	EndProjectSection
EndProject
Project("{8BC9CEB8-8B4A-11D0-8D11-00A0C91BC942}") = "whisper-server", "examples\server\whisper-server.vcxproj", "{B43BDEB0-9BFF-3947-8F17-AF5DE975061C}"
	ProjectSection(ProjectDependencies) = postProject
		{D5D35D97-82A5-3FA2-9D68-8C62AD104E52} = {D5D35D97-82A5-3FA2-9D68-8C62AD104E52}
		{17CBCB54-3B2C-3108-BFFB-D29058518656} = {17CBCB54-3B2C-3108-BFFB-D29058518656}
		{EA6F21FF-2B72-3DCD-B702-22C53F38C6C5} = {EA6F21FF-2B72-3DCD-B702-22C53F38C6C5}
		{12600598-CF06-3223-8A99-E0B7964BB753} = {12600598-CF06-3223-8A99-E0B7964BB753}
		{A866A6D4-08D0-3B56-A9D0-B4D61ADE4DCB} = {A866A6D4-08D0-3B56-A9D0-B4D61ADE4DCB}
		{654E08F9-DBDE-395B-9249-8B655C456F2F} = {654E08F9-DBDE-395B-9249-8B655C456F2F}
	EndProjectSection
EndProject
Global
	GlobalSection(SolutionConfigurationPlatforms) = preSolution
		Debug|x64 = Debug|x64
		Release|x64 = Release|x64
		MinSizeRel|x64 = MinSizeRel|x64
		RelWithDebInfo|x64 = RelWithDebInfo|x64
	EndGlobalSection
	GlobalSection(ProjectConfigurationPlatforms) = postSolution
		{6245E271-194C-31BC-8C8F-E810E4C6990C}.Debug|x64.ActiveCfg = Debug|x64
		{6245E271-194C-31BC-8C8F-E810E4C6990C}.Debug|x64.Build.0 = Debug|x64
		{6245E271-194C-31BC-8C8F-E810E4C6990C}.Release|x64.ActiveCfg = Release|x64
		{6245E271-194C-31BC-8C8F-E810E4C6990C}.Release|x64.Build.0 = Release|x64
		{6245E271-194C-31BC-8C8F-E810E4C6990C}.MinSizeRel|x64.ActiveCfg = MinSizeRel|x64
		{6245E271-194C-31BC-8C8F-E810E4C6990C}.MinSizeRel|x64.Build.0 = MinSizeRel|x64
		{6245E271-194C-31BC-8C8F-E810E4C6990C}.RelWithDebInfo|x64.ActiveCfg = RelWithDebInfo|x64
		{6245E271-194C-31BC-8C8F-E810E4C6990C}.RelWithDebInfo|x64.Build.0 = RelWithDebInfo|x64
		{F6C439AE-74DC-374D-8638-324A2AE05BE2}.Debug|x64.ActiveCfg = Debug|x64
		{F6C439AE-74DC-374D-8638-324A2AE05BE2}.Release|x64.ActiveCfg = Release|x64
		{F6C439AE-74DC-374D-8638-324A2AE05BE2}.MinSizeRel|x64.ActiveCfg = MinSizeRel|x64
		{F6C439AE-74DC-374D-8638-324A2AE05BE2}.RelWithDebInfo|x64.ActiveCfg = RelWithDebInfo|x64
		{D5D35D97-82A5-3FA2-9D68-8C62AD104E52}.Debug|x64.ActiveCfg = Debug|x64
		{D5D35D97-82A5-3FA2-9D68-8C62AD104E52}.Debug|x64.Build.0 = Debug|x64
		{D5D35D97-82A5-3FA2-9D68-8C62AD104E52}.Release|x64.ActiveCfg = Release|x64
		{D5D35D97-82A5-3FA2-9D68-8C62AD104E52}.Release|x64.Build.0 = Release|x64
		{D5D35D97-82A5-3FA2-9D68-8C62AD104E52}.MinSizeRel|x64.ActiveCfg = MinSizeRel|x64
		{D5D35D97-82A5-3FA2-9D68-8C62AD104E52}.MinSizeRel|x64.Build.0 = MinSizeRel|x64
		{D5D35D97-82A5-3FA2-9D68-8C62AD104E52}.RelWithDebInfo|x64.ActiveCfg = RelWithDebInfo|x64
		{D5D35D97-82A5-3FA2-9D68-8C62AD104E52}.RelWithDebInfo|x64.Build.0 = RelWithDebInfo|x64
		{590A1C6F-9686-3817-BED5-C41BB80F2458}.Debug|x64.ActiveCfg = Debug|x64
		{590A1C6F-9686-3817-BED5-C41BB80F2458}.Debug|x64.Build.0 = Debug|x64
		{590A1C6F-9686-3817-BED5-C41BB80F2458}.Release|x64.ActiveCfg = Release|x64
		{590A1C6F-9686-3817-BED5-C41BB80F2458}.Release|x64.Build.0 = Release|x64
		{590A1C6F-9686-3817-BED5-C41BB80F2458}.MinSizeRel|x64.ActiveCfg = MinSizeRel|x64
		{590A1C6F-9686-3817-BED5-C41BB80F2458}.MinSizeRel|x64.Build.0 = MinSizeRel|x64
		{590A1C6F-9686-3817-BED5-C41BB80F2458}.RelWithDebInfo|x64.ActiveCfg = RelWithDebInfo|x64
		{590A1C6F-9686-3817-BED5-C41BB80F2458}.RelWithDebInfo|x64.Build.0 = RelWithDebInfo|x64
		{57A73C05-409B-385B-96AD-21907B8967C0}.Debug|x64.ActiveCfg = Debug|x64
		{57A73C05-409B-385B-96AD-21907B8967C0}.Debug|x64.Build.0 = Debug|x64
		{57A73C05-409B-385B-96AD-21907B8967C0}.Release|x64.ActiveCfg = Release|x64
		{57A73C05-409B-385B-96AD-21907B8967C0}.Release|x64.Build.0 = Release|x64
		{57A73C05-409B-385B-96AD-21907B8967C0}.MinSizeRel|x64.ActiveCfg = MinSizeRel|x64
		{57A73C05-409B-385B-96AD-21907B8967C0}.MinSizeRel|x64.Build.0 = MinSizeRel|x64
		{57A73C05-409B-385B-96AD-21907B8967C0}.RelWithDebInfo|x64.ActiveCfg = RelWithDebInfo|x64
		{57A73C05-409B-385B-96AD-21907B8967C0}.RelWithDebInfo|x64.Build.0 = RelWithDebInfo|x64
		{17CBCB54-3B2C-3108-BFFB-D29058518656}.Debug|x64.ActiveCfg = Debug|x64
		{17CBCB54-3B2C-3108-BFFB-D29058518656}.Debug|x64.Build.0 = Debug|x64
		{17CBCB54-3B2C-3108-BFFB-D29058518656}.Release|x64.ActiveCfg = Release|x64
		{17CBCB54-3B2C-3108-BFFB-D29058518656}.Release|x64.Build.0 = Release|x64
		{17CBCB54-3B2C-3108-BFFB-D29058518656}.MinSizeRel|x64.ActiveCfg = MinSizeRel|x64
		{17CBCB54-3B2C-3108-BFFB-D29058518656}.MinSizeRel|x64.Build.0 = MinSizeRel|x64
		{17CBCB54-3B2C-3108-BFFB-D29058518656}.RelWithDebInfo|x64.ActiveCfg = RelWithDebInfo|x64
		{17CBCB54-3B2C-3108-BFFB-D29058518656}.RelWithDebInfo|x64.Build.0 = RelWithDebInfo|x64
		{EA6F21FF-2B72-3DCD-B702-22C53F38C6C5}.Debug|x64.ActiveCfg = Debug|x64
		{EA6F21FF-2B72-3DCD-B702-22C53F38C6C5}.Debug|x64.Build.0 = Debug|x64
		{EA6F21FF-2B72-3DCD-B702-22C53F38C6C5}.Release|x64.ActiveCfg = Release|x64
		{EA6F21FF-2B72-3DCD-B702-22C53F38C6C5}.Release|x64.Build.0 = Release|x64
		{EA6F21FF-2B72-3DCD-B702-22C53F38C6C5}.MinSizeRel|x64.ActiveCfg = MinSizeRel|x64
		{EA6F21FF-2B72-3DCD-B702-22C53F38C6C5}.MinSizeRel|x64.Build.0 = MinSizeRel|x64
		{EA6F21FF-2B72-3DCD-B702-22C53F38C6C5}.RelWithDebInfo|x64.ActiveCfg = RelWithDebInfo|x64
		{EA6F21FF-2B72-3DCD-B702-22C53F38C6C5}.RelWithDebInfo|x64.Build.0 = RelWithDebInfo|x64
		{12600598-CF06-3223-8A99-E0B7964BB753}.Debug|x64.ActiveCfg = Debug|x64
		{12600598-CF06-3223-8A99-E0B7964BB753}.Debug|x64.Build.0 = Debug|x64
		{12600598-CF06-3223-8A99-E0B7964BB753}.Release|x64.ActiveCfg = Release|x64
		{12600598-CF06-3223-8A99-E0B7964BB753}.Release|x64.Build.0 = Release|x64
		{12600598-CF06-3223-8A99-E0B7964BB753}.MinSizeRel|x64.ActiveCfg = MinSizeRel|x64
		{12600598-CF06-3223-8A99-E0B7964BB753}.MinSizeRel|x64.Build.0 = MinSizeRel|x64
		{12600598-CF06-3223-8A99-E0B7964BB753}.RelWithDebInfo|x64.ActiveCfg = RelWithDebInfo|x64
		{12600598-CF06-3223-8A99-E0B7964BB753}.RelWithDebInfo|x64.Build.0 = RelWithDebInfo|x64
		{A866A6D4-08D0-3B56-A9D0-B4D61ADE4DCB}.Debug|x64.ActiveCfg = Debug|x64
		{A866A6D4-08D0-3B56-A9D0-B4D61ADE4DCB}.Debug|x64.Build.0 = Debug|x64
		{A866A6D4-08D0-3B56-A9D0-B4D61ADE4DCB}.Release|x64.ActiveCfg = Release|x64
		{A866A6D4-08D0-3B56-A9D0-B4D61ADE4DCB}.Release|x64.Build.0 = Release|x64
		{A866A6D4-08D0-3B56-A9D0-B4D61ADE4DCB}.MinSizeRel|x64.ActiveCfg = MinSizeRel|x64
		{A866A6D4-08D0-3B56-A9D0-B4D61ADE4DCB}.MinSizeRel|x64.Build.0 = MinSizeRel|x64
		{A866A6D4-08D0-3B56-A9D0-B4D61ADE4DCB}.RelWithDebInfo|x64.ActiveCfg = RelWithDebInfo|x64
		{A866A6D4-08D0-3B56-A9D0-B4D61ADE4DCB}.RelWithDebInfo|x64.Build.0 = RelWithDebInfo|x64
		{47C18A8C-453D-3523-89D0-6F5D22E06909}.Debug|x64.ActiveCfg = Debug|x64
		{47C18A8C-453D-3523-89D0-6F5D22E06909}.Debug|x64.Build.0 = Debug|x64
		{47C18A8C-453D-3523-89D0-6F5D22E06909}.Release|x64.ActiveCfg = Release|x64
		{47C18A8C-453D-3523-89D0-6F5D22E06909}.Release|x64.Build.0 = Release|x64
		{47C18A8C-453D-3523-89D0-6F5D22E06909}.MinSizeRel|x64.ActiveCfg = MinSizeRel|x64
		{47C18A8C-453D-3523-89D0-6F5D22E06909}.MinSizeRel|x64.Build.0 = MinSizeRel|x64
		{47C18A8C-453D-3523-89D0-6F5D22E06909}.RelWithDebInfo|x64.ActiveCfg = RelWithDebInfo|x64
		{47C18A8C-453D-3523-89D0-6F5D22E06909}.RelWithDebInfo|x64.Build.0 = RelWithDebInfo|x64
		{117ACF43-5B51-356E-8484-B2398E1C3906}.Debug|x64.ActiveCfg = Debug|x64
		{117ACF43-5B51-356E-8484-B2398E1C3906}.Debug|x64.Build.0 = Debug|x64
		{117ACF43-5B51-356E-8484-B2398E1C3906}.Release|x64.ActiveCfg = Release|x64
		{117ACF43-5B51-356E-8484-B2398E1C3906}.Release|x64.Build.0 = Release|x64
		{117ACF43-5B51-356E-8484-B2398E1C3906}.MinSizeRel|x64.ActiveCfg = MinSizeRel|x64
		{117ACF43-5B51-356E-8484-B2398E1C3906}.MinSizeRel|x64.Build.0 = MinSizeRel|x64
		{117ACF43-5B51-356E-8484-B2398E1C3906}.RelWithDebInfo|x64.ActiveCfg = RelWithDebInfo|x64
		{117ACF43-5B51-356E-8484-B2398E1C3906}.RelWithDebInfo|x64.Build.0 = RelWithDebInfo|x64
		{C9C20557-06F7-387B-9EB1-FBB267BE9A11}.Debug|x64.ActiveCfg = Debug|x64
		{C9C20557-06F7-387B-9EB1-FBB267BE9A11}.Debug|x64.Build.0 = Debug|x64
		{C9C20557-06F7-387B-9EB1-FBB267BE9A11}.Release|x64.ActiveCfg = Release|x64
		{C9C20557-06F7-387B-9EB1-FBB267BE9A11}.Release|x64.Build.0 = Release|x64
		{C9C20557-06F7-387B-9EB1-FBB267BE9A11}.MinSizeRel|x64.ActiveCfg = MinSizeRel|x64
		{C9C20557-06F7-387B-9EB1-FBB267BE9A11}.MinSizeRel|x64.Build.0 = MinSizeRel|x64
		{C9C20557-06F7-387B-9EB1-FBB267BE9A11}.RelWithDebInfo|x64.ActiveCfg = RelWithDebInfo|x64
		{C9C20557-06F7-387B-9EB1-FBB267BE9A11}.RelWithDebInfo|x64.Build.0 = RelWithDebInfo|x64
		{654E08F9-DBDE-395B-9249-8B655C456F2F}.Debug|x64.ActiveCfg = Debug|x64
		{654E08F9-DBDE-395B-9249-8B655C456F2F}.Debug|x64.Build.0 = Debug|x64
		{654E08F9-DBDE-395B-9249-8B655C456F2F}.Release|x64.ActiveCfg = Release|x64
		{654E08F9-DBDE-395B-9249-8B655C456F2F}.Release|x64.Build.0 = Release|x64
		{654E08F9-DBDE-395B-9249-8B655C456F2F}.MinSizeRel|x64.ActiveCfg = MinSizeRel|x64
		{654E08F9-DBDE-395B-9249-8B655C456F2F}.MinSizeRel|x64.Build.0 = MinSizeRel|x64
		{654E08F9-DBDE-395B-9249-8B655C456F2F}.RelWithDebInfo|x64.ActiveCfg = RelWithDebInfo|x64
		{654E08F9-DBDE-395B-9249-8B655C456F2F}.RelWithDebInfo|x64.Build.0 = RelWithDebInfo|x64
		{500B75FB-5A30-3146-AF0D-7CCBFBF2E87C}.Debug|x64.ActiveCfg = Debug|x64
		{500B75FB-5A30-3146-AF0D-7CCBFBF2E87C}.Debug|x64.Build.0 = Debug|x64
		{500B75FB-5A30-3146-AF0D-7CCBFBF2E87C}.Release|x64.ActiveCfg = Release|x64
		{500B75FB-5A30-3146-AF0D-7CCBFBF2E87C}.Release|x64.Build.0 = Release|x64
		{500B75FB-5A30-3146-AF0D-7CCBFBF2E87C}.MinSizeRel|x64.ActiveCfg = MinSizeRel|x64
		{500B75FB-5A30-3146-AF0D-7CCBFBF2E87C}.MinSizeRel|x64.Build.0 = MinSizeRel|x64
		{500B75FB-5A30-3146-AF0D-7CCBFBF2E87C}.RelWithDebInfo|x64.ActiveCfg = RelWithDebInfo|x64
		{500B75FB-5A30-3146-AF0D-7CCBFBF2E87C}.RelWithDebInfo|x64.Build.0 = RelWithDebInfo|x64
		{43A9980D-7DC1-3D21-BADA-6D74D7A8FF9D}.Debug|x64.ActiveCfg = Debug|x64
		{43A9980D-7DC1-3D21-BADA-6D74D7A8FF9D}.Debug|x64.Build.0 = Debug|x64
		{43A9980D-7DC1-3D21-BADA-6D74D7A8FF9D}.Release|x64.ActiveCfg = Release|x64
		{43A9980D-7DC1-3D21-BADA-6D74D7A8FF9D}.Release|x64.Build.0 = Release|x64
		{43A9980D-7DC1-3D21-BADA-6D74D7A8FF9D}.MinSizeRel|x64.ActiveCfg = MinSizeRel|x64
		{43A9980D-7DC1-3D21-BADA-6D74D7A8FF9D}.MinSizeRel|x64.Build.0 = MinSizeRel|x64
		{43A9980D-7DC1-3D21-BADA-6D74D7A8FF9D}.RelWithDebInfo|x64.ActiveCfg = RelWithDebInfo|x64
		{43A9980D-7DC1-3D21-BADA-6D74D7A8FF9D}.RelWithDebInfo|x64.Build.0 = RelWithDebInfo|x64
		{B43BDEB0-9BFF-3947-8F17-AF5DE975061C}.Debug|x64.ActiveCfg = Debug|x64
		{B43BDEB0-9BFF-3947-8F17-AF5DE975061C}.Debug|x64.Build.0 = Debug|x64
		{B43BDEB0-9BFF-3947-8F17-AF5DE975061C}.Release|x64.ActiveCfg = Release|x64
		{B43BDEB0-9BFF-3947-8F17-AF5DE975061C}.Release|x64.Build.0 = Release|x64
		{B43BDEB0-9BFF-3947-8F17-AF5DE975061C}.MinSizeRel|x64.ActiveCfg = MinSizeRel|x64
		{B43BDEB0-9BFF-3947-8F17-AF5DE975061C}.MinSizeRel|x64.Build.0 = MinSizeRel|x64
		{B43BDEB0-9BFF-3947-8F17-AF5DE975061C}.RelWithDebInfo|x64.ActiveCfg = RelWithDebInfo|x64
		{B43BDEB0-9BFF-3947-8F17-AF5DE975061C}.RelWithDebInfo|x64.Build.0 = RelWithDebInfo|x64
	EndGlobalSection
	GlobalSection(NestedProjects) = preSolution
		{6245E271-194C-31BC-8C8F-E810E4C6990C} = {6264B002-7983-3F4E-A01B-E6AF7CA39BB9}
		{F6C439AE-74DC-374D-8638-324A2AE05BE2} = {6264B002-7983-3F4E-A01B-E6AF7CA39BB9}
		{D5D35D97-82A5-3FA2-9D68-8C62AD104E52} = {6264B002-7983-3F4E-A01B-E6AF7CA39BB9}
		{17CBCB54-3B2C-3108-BFFB-D29058518656} = {C3C7BAFA-3BAB-31F1-8CCA-48E81A048D2E}
	EndGlobalSection
	GlobalSection(ExtensibilityGlobals) = postSolution
		SolutionGuid = {6BD338A0-E37E-3812-9DE2-3C78671FED96}
	EndGlobalSection
	GlobalSection(ExtensibilityAddIns) = postSolution
	EndGlobalSection
EndGlobal
