
Microsoft Visual Studio Solution File, Format Version 12.00
# Visual Studio Version 17
Project("{2150E333-8FDC-42A3-9474-1A3956D46DE8}") = "CMakePredefinedTargets", "CMakePredefinedTargets", "{47A9A697-7602-3E95-81E8-17C68F69CC26}"
EndProject
Project("{8BC9CEB8-8B4A-11D0-8D11-00A0C91BC942}") = "ALL_BUILD", "ALL_BUILD.vcxproj", "{ECE92BAC-7294-34A8-ABA8-FB112455F539}"
	ProjectSection(ProjectDependencies) = postProject
		{D89D1C3D-38DE-378A-A183-CB22E8692285} = {D89D1C3D-38DE-378A-A183-CB22E8692285}
		{4723C0E2-EF15-3A49-A476-1EAFE16AE3B1} = {4723C0E2-EF15-3A49-A476-1EAFE16AE3B1}
		{BDCCC34E-AC32-3C81-9626-AFFF1D91BA60} = {BDCCC34E-AC32-3C81-9626-AFFF1D91BA60}
		{27AE3C0D-CA55-3512-B9D1-EBF584AD9FE0} = {27AE3C0D-CA55-3512-B9D1-EBF584AD9FE0}
		{BF4DC2CC-C786-3525-A2DC-34D9A94F9BAF} = {BF4DC2CC-C786-3525-A2DC-34D9A94F9BAF}
	EndProjectSection
EndProject
Project("{8BC9CEB8-8B4A-11D0-8D11-00A0C91BC942}") = "INSTALL", "INSTALL.vcxproj", "{9437B041-E1A7-3786-8A67-E58BBEB4FB97}"
	ProjectSection(ProjectDependencies) = postProject
		{ECE92BAC-7294-34A8-ABA8-FB112455F539} = {ECE92BAC-7294-34A8-ABA8-FB112455F539}
		{D89D1C3D-38DE-378A-A183-CB22E8692285} = {D89D1C3D-38DE-378A-A183-CB22E8692285}
	EndProjectSection
EndProject
Project("{8BC9CEB8-8B4A-11D0-8D11-00A0C91BC942}") = "ZERO_CHECK", "..\\ZERO_CHECK.vcxproj", "{D89D1C3D-38DE-378A-A183-CB22E8692285}"
	ProjectSection(ProjectDependencies) = postProject
	EndProjectSection
EndProject
Project("{8BC9CEB8-8B4A-11D0-8D11-00A0C91BC942}") = "ggml", "src\ggml.vcxproj", "{4723C0E2-EF15-3A49-A476-1EAFE16AE3B1}"
	ProjectSection(ProjectDependencies) = postProject
		{D89D1C3D-38DE-378A-A183-CB22E8692285} = {D89D1C3D-38DE-378A-A183-CB22E8692285}
		{BDCCC34E-AC32-3C81-9626-AFFF1D91BA60} = {BDCCC34E-AC32-3C81-9626-AFFF1D91BA60}
		{27AE3C0D-CA55-3512-B9D1-EBF584AD9FE0} = {27AE3C0D-CA55-3512-B9D1-EBF584AD9FE0}
		{BF4DC2CC-C786-3525-A2DC-34D9A94F9BAF} = {BF4DC2CC-C786-3525-A2DC-34D9A94F9BAF}
	EndProjectSection
EndProject
Project("{8BC9CEB8-8B4A-11D0-8D11-00A0C91BC942}") = "ggml-base", "src\ggml-base.vcxproj", "{BDCCC34E-AC32-3C81-9626-AFFF1D91BA60}"
	ProjectSection(ProjectDependencies) = postProject
		{D89D1C3D-38DE-378A-A183-CB22E8692285} = {D89D1C3D-38DE-378A-A183-CB22E8692285}
	EndProjectSection
EndProject
Project("{8BC9CEB8-8B4A-11D0-8D11-00A0C91BC942}") = "ggml-cpu", "src\ggml-cpu.vcxproj", "{27AE3C0D-CA55-3512-B9D1-EBF584AD9FE0}"
	ProjectSection(ProjectDependencies) = postProject
		{D89D1C3D-38DE-378A-A183-CB22E8692285} = {D89D1C3D-38DE-378A-A183-CB22E8692285}
		{BDCCC34E-AC32-3C81-9626-AFFF1D91BA60} = {BDCCC34E-AC32-3C81-9626-AFFF1D91BA60}
	EndProjectSection
EndProject
Project("{8BC9CEB8-8B4A-11D0-8D11-00A0C91BC942}") = "ggml-cuda", "src\ggml-cuda\ggml-cuda.vcxproj", "{BF4DC2CC-C786-3525-A2DC-34D9A94F9BAF}"
	ProjectSection(ProjectDependencies) = postProject
		{D89D1C3D-38DE-378A-A183-CB22E8692285} = {D89D1C3D-38DE-378A-A183-CB22E8692285}
		{BDCCC34E-AC32-3C81-9626-AFFF1D91BA60} = {BDCCC34E-AC32-3C81-9626-AFFF1D91BA60}
	EndProjectSection
EndProject
Global
	GlobalSection(SolutionConfigurationPlatforms) = preSolution
		Debug|x64 = Debug|x64
		Release|x64 = Release|x64
		MinSizeRel|x64 = MinSizeRel|x64
		RelWithDebInfo|x64 = RelWithDebInfo|x64
	EndGlobalSection
	GlobalSection(ProjectConfigurationPlatforms) = postSolution
		{ECE92BAC-7294-34A8-ABA8-FB112455F539}.Debug|x64.ActiveCfg = Debug|x64
		{ECE92BAC-7294-34A8-ABA8-FB112455F539}.Debug|x64.Build.0 = Debug|x64
		{ECE92BAC-7294-34A8-ABA8-FB112455F539}.Release|x64.ActiveCfg = Release|x64
		{ECE92BAC-7294-34A8-ABA8-FB112455F539}.Release|x64.Build.0 = Release|x64
		{ECE92BAC-7294-34A8-ABA8-FB112455F539}.MinSizeRel|x64.ActiveCfg = MinSizeRel|x64
		{ECE92BAC-7294-34A8-ABA8-FB112455F539}.MinSizeRel|x64.Build.0 = MinSizeRel|x64
		{ECE92BAC-7294-34A8-ABA8-FB112455F539}.RelWithDebInfo|x64.ActiveCfg = RelWithDebInfo|x64
		{ECE92BAC-7294-34A8-ABA8-FB112455F539}.RelWithDebInfo|x64.Build.0 = RelWithDebInfo|x64
		{9437B041-E1A7-3786-8A67-E58BBEB4FB97}.Debug|x64.ActiveCfg = Debug|x64
		{9437B041-E1A7-3786-8A67-E58BBEB4FB97}.Release|x64.ActiveCfg = Release|x64
		{9437B041-E1A7-3786-8A67-E58BBEB4FB97}.MinSizeRel|x64.ActiveCfg = MinSizeRel|x64
		{9437B041-E1A7-3786-8A67-E58BBEB4FB97}.RelWithDebInfo|x64.ActiveCfg = RelWithDebInfo|x64
		{D89D1C3D-38DE-378A-A183-CB22E8692285}.Debug|x64.ActiveCfg = Debug|x64
		{D89D1C3D-38DE-378A-A183-CB22E8692285}.Debug|x64.Build.0 = Debug|x64
		{D89D1C3D-38DE-378A-A183-CB22E8692285}.Release|x64.ActiveCfg = Release|x64
		{D89D1C3D-38DE-378A-A183-CB22E8692285}.Release|x64.Build.0 = Release|x64
		{D89D1C3D-38DE-378A-A183-CB22E8692285}.MinSizeRel|x64.ActiveCfg = MinSizeRel|x64
		{D89D1C3D-38DE-378A-A183-CB22E8692285}.MinSizeRel|x64.Build.0 = MinSizeRel|x64
		{D89D1C3D-38DE-378A-A183-CB22E8692285}.RelWithDebInfo|x64.ActiveCfg = RelWithDebInfo|x64
		{D89D1C3D-38DE-378A-A183-CB22E8692285}.RelWithDebInfo|x64.Build.0 = RelWithDebInfo|x64
		{4723C0E2-EF15-3A49-A476-1EAFE16AE3B1}.Debug|x64.ActiveCfg = Debug|x64
		{4723C0E2-EF15-3A49-A476-1EAFE16AE3B1}.Debug|x64.Build.0 = Debug|x64
		{4723C0E2-EF15-3A49-A476-1EAFE16AE3B1}.Release|x64.ActiveCfg = Release|x64
		{4723C0E2-EF15-3A49-A476-1EAFE16AE3B1}.Release|x64.Build.0 = Release|x64
		{4723C0E2-EF15-3A49-A476-1EAFE16AE3B1}.MinSizeRel|x64.ActiveCfg = MinSizeRel|x64
		{4723C0E2-EF15-3A49-A476-1EAFE16AE3B1}.MinSizeRel|x64.Build.0 = MinSizeRel|x64
		{4723C0E2-EF15-3A49-A476-1EAFE16AE3B1}.RelWithDebInfo|x64.ActiveCfg = RelWithDebInfo|x64
		{4723C0E2-EF15-3A49-A476-1EAFE16AE3B1}.RelWithDebInfo|x64.Build.0 = RelWithDebInfo|x64
		{BDCCC34E-AC32-3C81-9626-AFFF1D91BA60}.Debug|x64.ActiveCfg = Debug|x64
		{BDCCC34E-AC32-3C81-9626-AFFF1D91BA60}.Debug|x64.Build.0 = Debug|x64
		{BDCCC34E-AC32-3C81-9626-AFFF1D91BA60}.Release|x64.ActiveCfg = Release|x64
		{BDCCC34E-AC32-3C81-9626-AFFF1D91BA60}.Release|x64.Build.0 = Release|x64
		{BDCCC34E-AC32-3C81-9626-AFFF1D91BA60}.MinSizeRel|x64.ActiveCfg = MinSizeRel|x64
		{BDCCC34E-AC32-3C81-9626-AFFF1D91BA60}.MinSizeRel|x64.Build.0 = MinSizeRel|x64
		{BDCCC34E-AC32-3C81-9626-AFFF1D91BA60}.RelWithDebInfo|x64.ActiveCfg = RelWithDebInfo|x64
		{BDCCC34E-AC32-3C81-9626-AFFF1D91BA60}.RelWithDebInfo|x64.Build.0 = RelWithDebInfo|x64
		{27AE3C0D-CA55-3512-B9D1-EBF584AD9FE0}.Debug|x64.ActiveCfg = Debug|x64
		{27AE3C0D-CA55-3512-B9D1-EBF584AD9FE0}.Debug|x64.Build.0 = Debug|x64
		{27AE3C0D-CA55-3512-B9D1-EBF584AD9FE0}.Release|x64.ActiveCfg = Release|x64
		{27AE3C0D-CA55-3512-B9D1-EBF584AD9FE0}.Release|x64.Build.0 = Release|x64
		{27AE3C0D-CA55-3512-B9D1-EBF584AD9FE0}.MinSizeRel|x64.ActiveCfg = MinSizeRel|x64
		{27AE3C0D-CA55-3512-B9D1-EBF584AD9FE0}.MinSizeRel|x64.Build.0 = MinSizeRel|x64
		{27AE3C0D-CA55-3512-B9D1-EBF584AD9FE0}.RelWithDebInfo|x64.ActiveCfg = RelWithDebInfo|x64
		{27AE3C0D-CA55-3512-B9D1-EBF584AD9FE0}.RelWithDebInfo|x64.Build.0 = RelWithDebInfo|x64
		{BF4DC2CC-C786-3525-A2DC-34D9A94F9BAF}.Debug|x64.ActiveCfg = Debug|x64
		{BF4DC2CC-C786-3525-A2DC-34D9A94F9BAF}.Debug|x64.Build.0 = Debug|x64
		{BF4DC2CC-C786-3525-A2DC-34D9A94F9BAF}.Release|x64.ActiveCfg = Release|x64
		{BF4DC2CC-C786-3525-A2DC-34D9A94F9BAF}.Release|x64.Build.0 = Release|x64
		{BF4DC2CC-C786-3525-A2DC-34D9A94F9BAF}.MinSizeRel|x64.ActiveCfg = MinSizeRel|x64
		{BF4DC2CC-C786-3525-A2DC-34D9A94F9BAF}.MinSizeRel|x64.Build.0 = MinSizeRel|x64
		{BF4DC2CC-C786-3525-A2DC-34D9A94F9BAF}.RelWithDebInfo|x64.ActiveCfg = RelWithDebInfo|x64
		{BF4DC2CC-C786-3525-A2DC-34D9A94F9BAF}.RelWithDebInfo|x64.Build.0 = RelWithDebInfo|x64
	EndGlobalSection
	GlobalSection(NestedProjects) = preSolution
		{ECE92BAC-7294-34A8-ABA8-FB112455F539} = {47A9A697-7602-3E95-81E8-17C68F69CC26}
		{9437B041-E1A7-3786-8A67-E58BBEB4FB97} = {47A9A697-7602-3E95-81E8-17C68F69CC26}
		{D89D1C3D-38DE-378A-A183-CB22E8692285} = {47A9A697-7602-3E95-81E8-17C68F69CC26}
	EndGlobalSection
	GlobalSection(ExtensibilityGlobals) = postSolution
		SolutionGuid = {F124586F-A32F-35BF-BB6B-F56480E86CD4}
	EndGlobalSection
	GlobalSection(ExtensibilityAddIns) = postSolution
	EndGlobalSection
EndGlobal
