
Microsoft Visual Studio Solution File, Format Version 12.00
# Visual Studio Version 17
Project("{2150E333-8FDC-42A3-9474-1A3956D46DE8}") = "CMakePredefinedTargets", "CMakePredefinedTargets", "{F0281990-DC62-32FB-AE74-084190D0137E}"
EndProject
Project("{2150E333-8FDC-42A3-9474-1A3956D46DE8}") = "libs", "libs", "{C8FB5DE0-5408-3449-A09E-3F1AE844AACD}"
EndProject
Project("{8BC9CEB8-8B4A-11D0-8D11-00A0C91BC942}") = "ALL_BUILD", "ALL_BUILD.vcxproj", "{DFDA7C44-209B-317E-8D7A-D1AD966862B6}"
	ProjectSection(ProjectDependencies) = postProject
		{900BB43F-F6EB-39A7-AA16-E57E0C98F2B1} = {900BB43F-F6EB-39A7-AA16-E57E0C98F2B1}
		{5F9D39EC-4D55-302B-9A8B-53D0C27F21DA} = {5F9D39EC-4D55-302B-9A8B-53D0C27F21DA}
		{B99DCE69-2D14-392E-977B-CA202CD13345} = {B99DCE69-2D14-392E-977B-CA202CD13345}
		{CACC89A1-E77F-3C82-B332-3A29CA9F679F} = {CACC89A1-E77F-3C82-B332-3A29CA9F679F}
		{EBB618C5-73EC-34E9-B62A-CD65D101D006} = {EBB618C5-73EC-34E9-B62A-CD65D101D006}
		{FF12F5A4-6891-306B-A9BF-D1D694AB0465} = {FF12F5A4-6891-306B-A9BF-D1D694AB0465}
		{BD7A0328-C716-35F8-B2C8-B5E7F587990C} = {BD7A0328-C716-35F8-B2C8-B5E7F587990C}
		{84738C8D-4FE4-3EC7-98B9-BA0CFA7BD436} = {84738C8D-4FE4-3EC7-98B9-BA0CFA7BD436}
		{CA596107-4B13-3868-A625-44B469461A32} = {CA596107-4B13-3868-A625-44B469461A32}
		{C572469F-0BEF-3D4B-BCB2-772C543A54A5} = {C572469F-0BEF-3D4B-BCB2-772C543A54A5}
		{6EC2AAB2-8CAD-3CE7-A31D-154820EBA698} = {6EC2AAB2-8CAD-3CE7-A31D-154820EBA698}
		{CC4C6D40-1446-35BF-816E-0D7CAC29BFDA} = {CC4C6D40-1446-35BF-816E-0D7CAC29BFDA}
		{A36DDC00-546D-3F57-9D86-E47915E79D9F} = {A36DDC00-546D-3F57-9D86-E47915E79D9F}
		{A5471ECB-940D-3460-AE9B-1893691072A4} = {A5471ECB-940D-3460-AE9B-1893691072A4}
	EndProjectSection
EndProject
Project("{8BC9CEB8-8B4A-11D0-8D11-00A0C91BC942}") = "INSTALL", "INSTALL.vcxproj", "{995C5C28-FF92-359E-8C37-23220DC15645}"
	ProjectSection(ProjectDependencies) = postProject
		{DFDA7C44-209B-317E-8D7A-D1AD966862B6} = {DFDA7C44-209B-317E-8D7A-D1AD966862B6}
		{900BB43F-F6EB-39A7-AA16-E57E0C98F2B1} = {900BB43F-F6EB-39A7-AA16-E57E0C98F2B1}
	EndProjectSection
EndProject
Project("{8BC9CEB8-8B4A-11D0-8D11-00A0C91BC942}") = "ZERO_CHECK", "ZERO_CHECK.vcxproj", "{900BB43F-F6EB-39A7-AA16-E57E0C98F2B1}"
	ProjectSection(ProjectDependencies) = postProject
	EndProjectSection
EndProject
Project("{8BC9CEB8-8B4A-11D0-8D11-00A0C91BC942}") = "bench", "examples\deprecation-warning\bench.vcxproj", "{5F9D39EC-4D55-302B-9A8B-53D0C27F21DA}"
	ProjectSection(ProjectDependencies) = postProject
		{900BB43F-F6EB-39A7-AA16-E57E0C98F2B1} = {900BB43F-F6EB-39A7-AA16-E57E0C98F2B1}
	EndProjectSection
EndProject
Project("{8BC9CEB8-8B4A-11D0-8D11-00A0C91BC942}") = "command", "examples\deprecation-warning\command.vcxproj", "{B99DCE69-2D14-392E-977B-CA202CD13345}"
	ProjectSection(ProjectDependencies) = postProject
		{900BB43F-F6EB-39A7-AA16-E57E0C98F2B1} = {900BB43F-F6EB-39A7-AA16-E57E0C98F2B1}
	EndProjectSection
EndProject
Project("{8BC9CEB8-8B4A-11D0-8D11-00A0C91BC942}") = "common", "examples\common.vcxproj", "{CACC89A1-E77F-3C82-B332-3A29CA9F679F}"
	ProjectSection(ProjectDependencies) = postProject
		{900BB43F-F6EB-39A7-AA16-E57E0C98F2B1} = {900BB43F-F6EB-39A7-AA16-E57E0C98F2B1}
		{EBB618C5-73EC-34E9-B62A-CD65D101D006} = {EBB618C5-73EC-34E9-B62A-CD65D101D006}
		{FF12F5A4-6891-306B-A9BF-D1D694AB0465} = {FF12F5A4-6891-306B-A9BF-D1D694AB0465}
		{BD7A0328-C716-35F8-B2C8-B5E7F587990C} = {BD7A0328-C716-35F8-B2C8-B5E7F587990C}
		{6EC2AAB2-8CAD-3CE7-A31D-154820EBA698} = {6EC2AAB2-8CAD-3CE7-A31D-154820EBA698}
	EndProjectSection
EndProject
Project("{8BC9CEB8-8B4A-11D0-8D11-00A0C91BC942}") = "ggml", "ggml\src\ggml.vcxproj", "{EBB618C5-73EC-34E9-B62A-CD65D101D006}"
	ProjectSection(ProjectDependencies) = postProject
		{900BB43F-F6EB-39A7-AA16-E57E0C98F2B1} = {900BB43F-F6EB-39A7-AA16-E57E0C98F2B1}
		{FF12F5A4-6891-306B-A9BF-D1D694AB0465} = {FF12F5A4-6891-306B-A9BF-D1D694AB0465}
		{BD7A0328-C716-35F8-B2C8-B5E7F587990C} = {BD7A0328-C716-35F8-B2C8-B5E7F587990C}
	EndProjectSection
EndProject
Project("{8BC9CEB8-8B4A-11D0-8D11-00A0C91BC942}") = "ggml-base", "ggml\src\ggml-base.vcxproj", "{FF12F5A4-6891-306B-A9BF-D1D694AB0465}"
	ProjectSection(ProjectDependencies) = postProject
		{900BB43F-F6EB-39A7-AA16-E57E0C98F2B1} = {900BB43F-F6EB-39A7-AA16-E57E0C98F2B1}
	EndProjectSection
EndProject
Project("{8BC9CEB8-8B4A-11D0-8D11-00A0C91BC942}") = "ggml-cpu", "ggml\src\ggml-cpu.vcxproj", "{BD7A0328-C716-35F8-B2C8-B5E7F587990C}"
	ProjectSection(ProjectDependencies) = postProject
		{900BB43F-F6EB-39A7-AA16-E57E0C98F2B1} = {900BB43F-F6EB-39A7-AA16-E57E0C98F2B1}
		{FF12F5A4-6891-306B-A9BF-D1D694AB0465} = {FF12F5A4-6891-306B-A9BF-D1D694AB0465}
	EndProjectSection
EndProject
Project("{8BC9CEB8-8B4A-11D0-8D11-00A0C91BC942}") = "main", "examples\deprecation-warning\main.vcxproj", "{84738C8D-4FE4-3EC7-98B9-BA0CFA7BD436}"
	ProjectSection(ProjectDependencies) = postProject
		{900BB43F-F6EB-39A7-AA16-E57E0C98F2B1} = {900BB43F-F6EB-39A7-AA16-E57E0C98F2B1}
	EndProjectSection
EndProject
Project("{8BC9CEB8-8B4A-11D0-8D11-00A0C91BC942}") = "quantize", "examples\quantize\quantize.vcxproj", "{CA596107-4B13-3868-A625-44B469461A32}"
	ProjectSection(ProjectDependencies) = postProject
		{900BB43F-F6EB-39A7-AA16-E57E0C98F2B1} = {900BB43F-F6EB-39A7-AA16-E57E0C98F2B1}
		{CACC89A1-E77F-3C82-B332-3A29CA9F679F} = {CACC89A1-E77F-3C82-B332-3A29CA9F679F}
		{EBB618C5-73EC-34E9-B62A-CD65D101D006} = {EBB618C5-73EC-34E9-B62A-CD65D101D006}
		{FF12F5A4-6891-306B-A9BF-D1D694AB0465} = {FF12F5A4-6891-306B-A9BF-D1D694AB0465}
		{BD7A0328-C716-35F8-B2C8-B5E7F587990C} = {BD7A0328-C716-35F8-B2C8-B5E7F587990C}
		{6EC2AAB2-8CAD-3CE7-A31D-154820EBA698} = {6EC2AAB2-8CAD-3CE7-A31D-154820EBA698}
	EndProjectSection
EndProject
Project("{8BC9CEB8-8B4A-11D0-8D11-00A0C91BC942}") = "stream", "examples\deprecation-warning\stream.vcxproj", "{C572469F-0BEF-3D4B-BCB2-772C543A54A5}"
	ProjectSection(ProjectDependencies) = postProject
		{900BB43F-F6EB-39A7-AA16-E57E0C98F2B1} = {900BB43F-F6EB-39A7-AA16-E57E0C98F2B1}
	EndProjectSection
EndProject
Project("{8BC9CEB8-8B4A-11D0-8D11-00A0C91BC942}") = "whisper", "src\whisper.vcxproj", "{6EC2AAB2-8CAD-3CE7-A31D-154820EBA698}"
	ProjectSection(ProjectDependencies) = postProject
		{900BB43F-F6EB-39A7-AA16-E57E0C98F2B1} = {900BB43F-F6EB-39A7-AA16-E57E0C98F2B1}
		{EBB618C5-73EC-34E9-B62A-CD65D101D006} = {EBB618C5-73EC-34E9-B62A-CD65D101D006}
		{FF12F5A4-6891-306B-A9BF-D1D694AB0465} = {FF12F5A4-6891-306B-A9BF-D1D694AB0465}
		{BD7A0328-C716-35F8-B2C8-B5E7F587990C} = {BD7A0328-C716-35F8-B2C8-B5E7F587990C}
	EndProjectSection
EndProject
Project("{8BC9CEB8-8B4A-11D0-8D11-00A0C91BC942}") = "whisper-bench", "examples\bench\whisper-bench.vcxproj", "{CC4C6D40-1446-35BF-816E-0D7CAC29BFDA}"
	ProjectSection(ProjectDependencies) = postProject
		{900BB43F-F6EB-39A7-AA16-E57E0C98F2B1} = {900BB43F-F6EB-39A7-AA16-E57E0C98F2B1}
		{EBB618C5-73EC-34E9-B62A-CD65D101D006} = {EBB618C5-73EC-34E9-B62A-CD65D101D006}
		{FF12F5A4-6891-306B-A9BF-D1D694AB0465} = {FF12F5A4-6891-306B-A9BF-D1D694AB0465}
		{BD7A0328-C716-35F8-B2C8-B5E7F587990C} = {BD7A0328-C716-35F8-B2C8-B5E7F587990C}
		{6EC2AAB2-8CAD-3CE7-A31D-154820EBA698} = {6EC2AAB2-8CAD-3CE7-A31D-154820EBA698}
	EndProjectSection
EndProject
Project("{8BC9CEB8-8B4A-11D0-8D11-00A0C91BC942}") = "whisper-cli", "examples\cli\whisper-cli.vcxproj", "{A36DDC00-546D-3F57-9D86-E47915E79D9F}"
	ProjectSection(ProjectDependencies) = postProject
		{900BB43F-F6EB-39A7-AA16-E57E0C98F2B1} = {900BB43F-F6EB-39A7-AA16-E57E0C98F2B1}
		{CACC89A1-E77F-3C82-B332-3A29CA9F679F} = {CACC89A1-E77F-3C82-B332-3A29CA9F679F}
		{EBB618C5-73EC-34E9-B62A-CD65D101D006} = {EBB618C5-73EC-34E9-B62A-CD65D101D006}
		{FF12F5A4-6891-306B-A9BF-D1D694AB0465} = {FF12F5A4-6891-306B-A9BF-D1D694AB0465}
		{BD7A0328-C716-35F8-B2C8-B5E7F587990C} = {BD7A0328-C716-35F8-B2C8-B5E7F587990C}
		{6EC2AAB2-8CAD-3CE7-A31D-154820EBA698} = {6EC2AAB2-8CAD-3CE7-A31D-154820EBA698}
	EndProjectSection
EndProject
Project("{8BC9CEB8-8B4A-11D0-8D11-00A0C91BC942}") = "whisper-server", "examples\server\whisper-server.vcxproj", "{A5471ECB-940D-3460-AE9B-1893691072A4}"
	ProjectSection(ProjectDependencies) = postProject
		{900BB43F-F6EB-39A7-AA16-E57E0C98F2B1} = {900BB43F-F6EB-39A7-AA16-E57E0C98F2B1}
		{CACC89A1-E77F-3C82-B332-3A29CA9F679F} = {CACC89A1-E77F-3C82-B332-3A29CA9F679F}
		{EBB618C5-73EC-34E9-B62A-CD65D101D006} = {EBB618C5-73EC-34E9-B62A-CD65D101D006}
		{FF12F5A4-6891-306B-A9BF-D1D694AB0465} = {FF12F5A4-6891-306B-A9BF-D1D694AB0465}
		{BD7A0328-C716-35F8-B2C8-B5E7F587990C} = {BD7A0328-C716-35F8-B2C8-B5E7F587990C}
		{6EC2AAB2-8CAD-3CE7-A31D-154820EBA698} = {6EC2AAB2-8CAD-3CE7-A31D-154820EBA698}
	EndProjectSection
EndProject
Global
	GlobalSection(SolutionConfigurationPlatforms) = preSolution
		Debug|x64 = Debug|x64
		Release|x64 = Release|x64
		MinSizeRel|x64 = MinSizeRel|x64
		RelWithDebInfo|x64 = RelWithDebInfo|x64
	EndGlobalSection
	GlobalSection(ProjectConfigurationPlatforms) = postSolution
		{DFDA7C44-209B-317E-8D7A-D1AD966862B6}.Debug|x64.ActiveCfg = Debug|x64
		{DFDA7C44-209B-317E-8D7A-D1AD966862B6}.Debug|x64.Build.0 = Debug|x64
		{DFDA7C44-209B-317E-8D7A-D1AD966862B6}.Release|x64.ActiveCfg = Release|x64
		{DFDA7C44-209B-317E-8D7A-D1AD966862B6}.Release|x64.Build.0 = Release|x64
		{DFDA7C44-209B-317E-8D7A-D1AD966862B6}.MinSizeRel|x64.ActiveCfg = MinSizeRel|x64
		{DFDA7C44-209B-317E-8D7A-D1AD966862B6}.MinSizeRel|x64.Build.0 = MinSizeRel|x64
		{DFDA7C44-209B-317E-8D7A-D1AD966862B6}.RelWithDebInfo|x64.ActiveCfg = RelWithDebInfo|x64
		{DFDA7C44-209B-317E-8D7A-D1AD966862B6}.RelWithDebInfo|x64.Build.0 = RelWithDebInfo|x64
		{995C5C28-FF92-359E-8C37-23220DC15645}.Debug|x64.ActiveCfg = Debug|x64
		{995C5C28-FF92-359E-8C37-23220DC15645}.Release|x64.ActiveCfg = Release|x64
		{995C5C28-FF92-359E-8C37-23220DC15645}.MinSizeRel|x64.ActiveCfg = MinSizeRel|x64
		{995C5C28-FF92-359E-8C37-23220DC15645}.RelWithDebInfo|x64.ActiveCfg = RelWithDebInfo|x64
		{900BB43F-F6EB-39A7-AA16-E57E0C98F2B1}.Debug|x64.ActiveCfg = Debug|x64
		{900BB43F-F6EB-39A7-AA16-E57E0C98F2B1}.Debug|x64.Build.0 = Debug|x64
		{900BB43F-F6EB-39A7-AA16-E57E0C98F2B1}.Release|x64.ActiveCfg = Release|x64
		{900BB43F-F6EB-39A7-AA16-E57E0C98F2B1}.Release|x64.Build.0 = Release|x64
		{900BB43F-F6EB-39A7-AA16-E57E0C98F2B1}.MinSizeRel|x64.ActiveCfg = MinSizeRel|x64
		{900BB43F-F6EB-39A7-AA16-E57E0C98F2B1}.MinSizeRel|x64.Build.0 = MinSizeRel|x64
		{900BB43F-F6EB-39A7-AA16-E57E0C98F2B1}.RelWithDebInfo|x64.ActiveCfg = RelWithDebInfo|x64
		{900BB43F-F6EB-39A7-AA16-E57E0C98F2B1}.RelWithDebInfo|x64.Build.0 = RelWithDebInfo|x64
		{5F9D39EC-4D55-302B-9A8B-53D0C27F21DA}.Debug|x64.ActiveCfg = Debug|x64
		{5F9D39EC-4D55-302B-9A8B-53D0C27F21DA}.Debug|x64.Build.0 = Debug|x64
		{5F9D39EC-4D55-302B-9A8B-53D0C27F21DA}.Release|x64.ActiveCfg = Release|x64
		{5F9D39EC-4D55-302B-9A8B-53D0C27F21DA}.Release|x64.Build.0 = Release|x64
		{5F9D39EC-4D55-302B-9A8B-53D0C27F21DA}.MinSizeRel|x64.ActiveCfg = MinSizeRel|x64
		{5F9D39EC-4D55-302B-9A8B-53D0C27F21DA}.MinSizeRel|x64.Build.0 = MinSizeRel|x64
		{5F9D39EC-4D55-302B-9A8B-53D0C27F21DA}.RelWithDebInfo|x64.ActiveCfg = RelWithDebInfo|x64
		{5F9D39EC-4D55-302B-9A8B-53D0C27F21DA}.RelWithDebInfo|x64.Build.0 = RelWithDebInfo|x64
		{B99DCE69-2D14-392E-977B-CA202CD13345}.Debug|x64.ActiveCfg = Debug|x64
		{B99DCE69-2D14-392E-977B-CA202CD13345}.Debug|x64.Build.0 = Debug|x64
		{B99DCE69-2D14-392E-977B-CA202CD13345}.Release|x64.ActiveCfg = Release|x64
		{B99DCE69-2D14-392E-977B-CA202CD13345}.Release|x64.Build.0 = Release|x64
		{B99DCE69-2D14-392E-977B-CA202CD13345}.MinSizeRel|x64.ActiveCfg = MinSizeRel|x64
		{B99DCE69-2D14-392E-977B-CA202CD13345}.MinSizeRel|x64.Build.0 = MinSizeRel|x64
		{B99DCE69-2D14-392E-977B-CA202CD13345}.RelWithDebInfo|x64.ActiveCfg = RelWithDebInfo|x64
		{B99DCE69-2D14-392E-977B-CA202CD13345}.RelWithDebInfo|x64.Build.0 = RelWithDebInfo|x64
		{CACC89A1-E77F-3C82-B332-3A29CA9F679F}.Debug|x64.ActiveCfg = Debug|x64
		{CACC89A1-E77F-3C82-B332-3A29CA9F679F}.Debug|x64.Build.0 = Debug|x64
		{CACC89A1-E77F-3C82-B332-3A29CA9F679F}.Release|x64.ActiveCfg = Release|x64
		{CACC89A1-E77F-3C82-B332-3A29CA9F679F}.Release|x64.Build.0 = Release|x64
		{CACC89A1-E77F-3C82-B332-3A29CA9F679F}.MinSizeRel|x64.ActiveCfg = MinSizeRel|x64
		{CACC89A1-E77F-3C82-B332-3A29CA9F679F}.MinSizeRel|x64.Build.0 = MinSizeRel|x64
		{CACC89A1-E77F-3C82-B332-3A29CA9F679F}.RelWithDebInfo|x64.ActiveCfg = RelWithDebInfo|x64
		{CACC89A1-E77F-3C82-B332-3A29CA9F679F}.RelWithDebInfo|x64.Build.0 = RelWithDebInfo|x64
		{EBB618C5-73EC-34E9-B62A-CD65D101D006}.Debug|x64.ActiveCfg = Debug|x64
		{EBB618C5-73EC-34E9-B62A-CD65D101D006}.Debug|x64.Build.0 = Debug|x64
		{EBB618C5-73EC-34E9-B62A-CD65D101D006}.Release|x64.ActiveCfg = Release|x64
		{EBB618C5-73EC-34E9-B62A-CD65D101D006}.Release|x64.Build.0 = Release|x64
		{EBB618C5-73EC-34E9-B62A-CD65D101D006}.MinSizeRel|x64.ActiveCfg = MinSizeRel|x64
		{EBB618C5-73EC-34E9-B62A-CD65D101D006}.MinSizeRel|x64.Build.0 = MinSizeRel|x64
		{EBB618C5-73EC-34E9-B62A-CD65D101D006}.RelWithDebInfo|x64.ActiveCfg = RelWithDebInfo|x64
		{EBB618C5-73EC-34E9-B62A-CD65D101D006}.RelWithDebInfo|x64.Build.0 = RelWithDebInfo|x64
		{FF12F5A4-6891-306B-A9BF-D1D694AB0465}.Debug|x64.ActiveCfg = Debug|x64
		{FF12F5A4-6891-306B-A9BF-D1D694AB0465}.Debug|x64.Build.0 = Debug|x64
		{FF12F5A4-6891-306B-A9BF-D1D694AB0465}.Release|x64.ActiveCfg = Release|x64
		{FF12F5A4-6891-306B-A9BF-D1D694AB0465}.Release|x64.Build.0 = Release|x64
		{FF12F5A4-6891-306B-A9BF-D1D694AB0465}.MinSizeRel|x64.ActiveCfg = MinSizeRel|x64
		{FF12F5A4-6891-306B-A9BF-D1D694AB0465}.MinSizeRel|x64.Build.0 = MinSizeRel|x64
		{FF12F5A4-6891-306B-A9BF-D1D694AB0465}.RelWithDebInfo|x64.ActiveCfg = RelWithDebInfo|x64
		{FF12F5A4-6891-306B-A9BF-D1D694AB0465}.RelWithDebInfo|x64.Build.0 = RelWithDebInfo|x64
		{BD7A0328-C716-35F8-B2C8-B5E7F587990C}.Debug|x64.ActiveCfg = Debug|x64
		{BD7A0328-C716-35F8-B2C8-B5E7F587990C}.Debug|x64.Build.0 = Debug|x64
		{BD7A0328-C716-35F8-B2C8-B5E7F587990C}.Release|x64.ActiveCfg = Release|x64
		{BD7A0328-C716-35F8-B2C8-B5E7F587990C}.Release|x64.Build.0 = Release|x64
		{BD7A0328-C716-35F8-B2C8-B5E7F587990C}.MinSizeRel|x64.ActiveCfg = MinSizeRel|x64
		{BD7A0328-C716-35F8-B2C8-B5E7F587990C}.MinSizeRel|x64.Build.0 = MinSizeRel|x64
		{BD7A0328-C716-35F8-B2C8-B5E7F587990C}.RelWithDebInfo|x64.ActiveCfg = RelWithDebInfo|x64
		{BD7A0328-C716-35F8-B2C8-B5E7F587990C}.RelWithDebInfo|x64.Build.0 = RelWithDebInfo|x64
		{84738C8D-4FE4-3EC7-98B9-BA0CFA7BD436}.Debug|x64.ActiveCfg = Debug|x64
		{84738C8D-4FE4-3EC7-98B9-BA0CFA7BD436}.Debug|x64.Build.0 = Debug|x64
		{84738C8D-4FE4-3EC7-98B9-BA0CFA7BD436}.Release|x64.ActiveCfg = Release|x64
		{84738C8D-4FE4-3EC7-98B9-BA0CFA7BD436}.Release|x64.Build.0 = Release|x64
		{84738C8D-4FE4-3EC7-98B9-BA0CFA7BD436}.MinSizeRel|x64.ActiveCfg = MinSizeRel|x64
		{84738C8D-4FE4-3EC7-98B9-BA0CFA7BD436}.MinSizeRel|x64.Build.0 = MinSizeRel|x64
		{84738C8D-4FE4-3EC7-98B9-BA0CFA7BD436}.RelWithDebInfo|x64.ActiveCfg = RelWithDebInfo|x64
		{84738C8D-4FE4-3EC7-98B9-BA0CFA7BD436}.RelWithDebInfo|x64.Build.0 = RelWithDebInfo|x64
		{CA596107-4B13-3868-A625-44B469461A32}.Debug|x64.ActiveCfg = Debug|x64
		{CA596107-4B13-3868-A625-44B469461A32}.Debug|x64.Build.0 = Debug|x64
		{CA596107-4B13-3868-A625-44B469461A32}.Release|x64.ActiveCfg = Release|x64
		{CA596107-4B13-3868-A625-44B469461A32}.Release|x64.Build.0 = Release|x64
		{CA596107-4B13-3868-A625-44B469461A32}.MinSizeRel|x64.ActiveCfg = MinSizeRel|x64
		{CA596107-4B13-3868-A625-44B469461A32}.MinSizeRel|x64.Build.0 = MinSizeRel|x64
		{CA596107-4B13-3868-A625-44B469461A32}.RelWithDebInfo|x64.ActiveCfg = RelWithDebInfo|x64
		{CA596107-4B13-3868-A625-44B469461A32}.RelWithDebInfo|x64.Build.0 = RelWithDebInfo|x64
		{C572469F-0BEF-3D4B-BCB2-772C543A54A5}.Debug|x64.ActiveCfg = Debug|x64
		{C572469F-0BEF-3D4B-BCB2-772C543A54A5}.Debug|x64.Build.0 = Debug|x64
		{C572469F-0BEF-3D4B-BCB2-772C543A54A5}.Release|x64.ActiveCfg = Release|x64
		{C572469F-0BEF-3D4B-BCB2-772C543A54A5}.Release|x64.Build.0 = Release|x64
		{C572469F-0BEF-3D4B-BCB2-772C543A54A5}.MinSizeRel|x64.ActiveCfg = MinSizeRel|x64
		{C572469F-0BEF-3D4B-BCB2-772C543A54A5}.MinSizeRel|x64.Build.0 = MinSizeRel|x64
		{C572469F-0BEF-3D4B-BCB2-772C543A54A5}.RelWithDebInfo|x64.ActiveCfg = RelWithDebInfo|x64
		{C572469F-0BEF-3D4B-BCB2-772C543A54A5}.RelWithDebInfo|x64.Build.0 = RelWithDebInfo|x64
		{6EC2AAB2-8CAD-3CE7-A31D-154820EBA698}.Debug|x64.ActiveCfg = Debug|x64
		{6EC2AAB2-8CAD-3CE7-A31D-154820EBA698}.Debug|x64.Build.0 = Debug|x64
		{6EC2AAB2-8CAD-3CE7-A31D-154820EBA698}.Release|x64.ActiveCfg = Release|x64
		{6EC2AAB2-8CAD-3CE7-A31D-154820EBA698}.Release|x64.Build.0 = Release|x64
		{6EC2AAB2-8CAD-3CE7-A31D-154820EBA698}.MinSizeRel|x64.ActiveCfg = MinSizeRel|x64
		{6EC2AAB2-8CAD-3CE7-A31D-154820EBA698}.MinSizeRel|x64.Build.0 = MinSizeRel|x64
		{6EC2AAB2-8CAD-3CE7-A31D-154820EBA698}.RelWithDebInfo|x64.ActiveCfg = RelWithDebInfo|x64
		{6EC2AAB2-8CAD-3CE7-A31D-154820EBA698}.RelWithDebInfo|x64.Build.0 = RelWithDebInfo|x64
		{CC4C6D40-1446-35BF-816E-0D7CAC29BFDA}.Debug|x64.ActiveCfg = Debug|x64
		{CC4C6D40-1446-35BF-816E-0D7CAC29BFDA}.Debug|x64.Build.0 = Debug|x64
		{CC4C6D40-1446-35BF-816E-0D7CAC29BFDA}.Release|x64.ActiveCfg = Release|x64
		{CC4C6D40-1446-35BF-816E-0D7CAC29BFDA}.Release|x64.Build.0 = Release|x64
		{CC4C6D40-1446-35BF-816E-0D7CAC29BFDA}.MinSizeRel|x64.ActiveCfg = MinSizeRel|x64
		{CC4C6D40-1446-35BF-816E-0D7CAC29BFDA}.MinSizeRel|x64.Build.0 = MinSizeRel|x64
		{CC4C6D40-1446-35BF-816E-0D7CAC29BFDA}.RelWithDebInfo|x64.ActiveCfg = RelWithDebInfo|x64
		{CC4C6D40-1446-35BF-816E-0D7CAC29BFDA}.RelWithDebInfo|x64.Build.0 = RelWithDebInfo|x64
		{A36DDC00-546D-3F57-9D86-E47915E79D9F}.Debug|x64.ActiveCfg = Debug|x64
		{A36DDC00-546D-3F57-9D86-E47915E79D9F}.Debug|x64.Build.0 = Debug|x64
		{A36DDC00-546D-3F57-9D86-E47915E79D9F}.Release|x64.ActiveCfg = Release|x64
		{A36DDC00-546D-3F57-9D86-E47915E79D9F}.Release|x64.Build.0 = Release|x64
		{A36DDC00-546D-3F57-9D86-E47915E79D9F}.MinSizeRel|x64.ActiveCfg = MinSizeRel|x64
		{A36DDC00-546D-3F57-9D86-E47915E79D9F}.MinSizeRel|x64.Build.0 = MinSizeRel|x64
		{A36DDC00-546D-3F57-9D86-E47915E79D9F}.RelWithDebInfo|x64.ActiveCfg = RelWithDebInfo|x64
		{A36DDC00-546D-3F57-9D86-E47915E79D9F}.RelWithDebInfo|x64.Build.0 = RelWithDebInfo|x64
		{A5471ECB-940D-3460-AE9B-1893691072A4}.Debug|x64.ActiveCfg = Debug|x64
		{A5471ECB-940D-3460-AE9B-1893691072A4}.Debug|x64.Build.0 = Debug|x64
		{A5471ECB-940D-3460-AE9B-1893691072A4}.Release|x64.ActiveCfg = Release|x64
		{A5471ECB-940D-3460-AE9B-1893691072A4}.Release|x64.Build.0 = Release|x64
		{A5471ECB-940D-3460-AE9B-1893691072A4}.MinSizeRel|x64.ActiveCfg = MinSizeRel|x64
		{A5471ECB-940D-3460-AE9B-1893691072A4}.MinSizeRel|x64.Build.0 = MinSizeRel|x64
		{A5471ECB-940D-3460-AE9B-1893691072A4}.RelWithDebInfo|x64.ActiveCfg = RelWithDebInfo|x64
		{A5471ECB-940D-3460-AE9B-1893691072A4}.RelWithDebInfo|x64.Build.0 = RelWithDebInfo|x64
	EndGlobalSection
	GlobalSection(NestedProjects) = preSolution
		{DFDA7C44-209B-317E-8D7A-D1AD966862B6} = {F0281990-DC62-32FB-AE74-084190D0137E}
		{995C5C28-FF92-359E-8C37-23220DC15645} = {F0281990-DC62-32FB-AE74-084190D0137E}
		{900BB43F-F6EB-39A7-AA16-E57E0C98F2B1} = {F0281990-DC62-32FB-AE74-084190D0137E}
		{CACC89A1-E77F-3C82-B332-3A29CA9F679F} = {C8FB5DE0-5408-3449-A09E-3F1AE844AACD}
	EndGlobalSection
	GlobalSection(ExtensibilityGlobals) = postSolution
		SolutionGuid = {456E8CCC-B03F-3F3E-81A2-E2F7772B1A90}
	EndGlobalSection
	GlobalSection(ExtensibilityAddIns) = postSolution
	EndGlobalSection
EndGlobal
