
Microsoft Visual Studio Solution File, Format Version 12.00
# Visual Studio Version 17
Project("{2150E333-8FDC-42A3-9474-1A3956D46DE8}") = "CMakePredefinedTargets", "CMakePredefinedTargets", "{D99913F4-FBAD-3224-AE53-4D1D5C242CF9}"
EndProject
Project("{8BC9CEB8-8B4A-11D0-8D11-00A0C91BC942}") = "ALL_BUILD", "ALL_BUILD.vcxproj", "{6548473D-38A3-3178-A597-98F5D5A927AF}"
	ProjectSection(ProjectDependencies) = postProject
		{92CEB648-5223-32E0-9EDC-CA0EBB94D490} = {92CEB648-5223-32E0-9EDC-CA0EBB94D490}
		{090F62E8-33F0-38E5-93B4-D75CDF8F2126} = {090F62E8-33F0-38E5-93B4-D75CDF8F2126}
		{813107E3-D6C7-3117-962B-265DEDB9BB77} = {813107E3-D6C7-3117-962B-265DEDB9BB77}
		{D78B9DF0-CB69-3B5B-A214-E520468F4A69} = {D78B9DF0-CB69-3B5B-A214-E520468F4A69}
	EndProjectSection
EndProject
Project("{8BC9CEB8-8B4A-11D0-8D11-00A0C91BC942}") = "INSTALL", "INSTALL.vcxproj", "{E3FADB1D-1317-3D01-9E61-A6118FB22A39}"
	ProjectSection(ProjectDependencies) = postProject
		{6548473D-38A3-3178-A597-98F5D5A927AF} = {6548473D-38A3-3178-A597-98F5D5A927AF}
		{92CEB648-5223-32E0-9EDC-CA0EBB94D490} = {92CEB648-5223-32E0-9EDC-CA0EBB94D490}
	EndProjectSection
EndProject
Project("{8BC9CEB8-8B4A-11D0-8D11-00A0C91BC942}") = "ZERO_CHECK", "..\\ZERO_CHECK.vcxproj", "{92CEB648-5223-32E0-9EDC-CA0EBB94D490}"
	ProjectSection(ProjectDependencies) = postProject
	EndProjectSection
EndProject
Project("{8BC9CEB8-8B4A-11D0-8D11-00A0C91BC942}") = "ggml", "src\ggml.vcxproj", "{090F62E8-33F0-38E5-93B4-D75CDF8F2126}"
	ProjectSection(ProjectDependencies) = postProject
		{92CEB648-5223-32E0-9EDC-CA0EBB94D490} = {92CEB648-5223-32E0-9EDC-CA0EBB94D490}
		{813107E3-D6C7-3117-962B-265DEDB9BB77} = {813107E3-D6C7-3117-962B-265DEDB9BB77}
		{D78B9DF0-CB69-3B5B-A214-E520468F4A69} = {D78B9DF0-CB69-3B5B-A214-E520468F4A69}
	EndProjectSection
EndProject
Project("{8BC9CEB8-8B4A-11D0-8D11-00A0C91BC942}") = "ggml-base", "src\ggml-base.vcxproj", "{813107E3-D6C7-3117-962B-265DEDB9BB77}"
	ProjectSection(ProjectDependencies) = postProject
		{92CEB648-5223-32E0-9EDC-CA0EBB94D490} = {92CEB648-5223-32E0-9EDC-CA0EBB94D490}
	EndProjectSection
EndProject
Project("{8BC9CEB8-8B4A-11D0-8D11-00A0C91BC942}") = "ggml-cpu", "src\ggml-cpu.vcxproj", "{D78B9DF0-CB69-3B5B-A214-E520468F4A69}"
	ProjectSection(ProjectDependencies) = postProject
		{92CEB648-5223-32E0-9EDC-CA0EBB94D490} = {92CEB648-5223-32E0-9EDC-CA0EBB94D490}
		{813107E3-D6C7-3117-962B-265DEDB9BB77} = {813107E3-D6C7-3117-962B-265DEDB9BB77}
	EndProjectSection
EndProject
Global
	GlobalSection(SolutionConfigurationPlatforms) = preSolution
		Debug|x64 = Debug|x64
		Release|x64 = Release|x64
		MinSizeRel|x64 = MinSizeRel|x64
		RelWithDebInfo|x64 = RelWithDebInfo|x64
	EndGlobalSection
	GlobalSection(ProjectConfigurationPlatforms) = postSolution
		{6548473D-38A3-3178-A597-98F5D5A927AF}.Debug|x64.ActiveCfg = Debug|x64
		{6548473D-38A3-3178-A597-98F5D5A927AF}.Debug|x64.Build.0 = Debug|x64
		{6548473D-38A3-3178-A597-98F5D5A927AF}.Release|x64.ActiveCfg = Release|x64
		{6548473D-38A3-3178-A597-98F5D5A927AF}.Release|x64.Build.0 = Release|x64
		{6548473D-38A3-3178-A597-98F5D5A927AF}.MinSizeRel|x64.ActiveCfg = MinSizeRel|x64
		{6548473D-38A3-3178-A597-98F5D5A927AF}.MinSizeRel|x64.Build.0 = MinSizeRel|x64
		{6548473D-38A3-3178-A597-98F5D5A927AF}.RelWithDebInfo|x64.ActiveCfg = RelWithDebInfo|x64
		{6548473D-38A3-3178-A597-98F5D5A927AF}.RelWithDebInfo|x64.Build.0 = RelWithDebInfo|x64
		{E3FADB1D-1317-3D01-9E61-A6118FB22A39}.Debug|x64.ActiveCfg = Debug|x64
		{E3FADB1D-1317-3D01-9E61-A6118FB22A39}.Release|x64.ActiveCfg = Release|x64
		{E3FADB1D-1317-3D01-9E61-A6118FB22A39}.MinSizeRel|x64.ActiveCfg = MinSizeRel|x64
		{E3FADB1D-1317-3D01-9E61-A6118FB22A39}.RelWithDebInfo|x64.ActiveCfg = RelWithDebInfo|x64
		{92CEB648-5223-32E0-9EDC-CA0EBB94D490}.Debug|x64.ActiveCfg = Debug|x64
		{92CEB648-5223-32E0-9EDC-CA0EBB94D490}.Debug|x64.Build.0 = Debug|x64
		{92CEB648-5223-32E0-9EDC-CA0EBB94D490}.Release|x64.ActiveCfg = Release|x64
		{92CEB648-5223-32E0-9EDC-CA0EBB94D490}.Release|x64.Build.0 = Release|x64
		{92CEB648-5223-32E0-9EDC-CA0EBB94D490}.MinSizeRel|x64.ActiveCfg = MinSizeRel|x64
		{92CEB648-5223-32E0-9EDC-CA0EBB94D490}.MinSizeRel|x64.Build.0 = MinSizeRel|x64
		{92CEB648-5223-32E0-9EDC-CA0EBB94D490}.RelWithDebInfo|x64.ActiveCfg = RelWithDebInfo|x64
		{92CEB648-5223-32E0-9EDC-CA0EBB94D490}.RelWithDebInfo|x64.Build.0 = RelWithDebInfo|x64
		{090F62E8-33F0-38E5-93B4-D75CDF8F2126}.Debug|x64.ActiveCfg = Debug|x64
		{090F62E8-33F0-38E5-93B4-D75CDF8F2126}.Debug|x64.Build.0 = Debug|x64
		{090F62E8-33F0-38E5-93B4-D75CDF8F2126}.Release|x64.ActiveCfg = Release|x64
		{090F62E8-33F0-38E5-93B4-D75CDF8F2126}.Release|x64.Build.0 = Release|x64
		{090F62E8-33F0-38E5-93B4-D75CDF8F2126}.MinSizeRel|x64.ActiveCfg = MinSizeRel|x64
		{090F62E8-33F0-38E5-93B4-D75CDF8F2126}.MinSizeRel|x64.Build.0 = MinSizeRel|x64
		{090F62E8-33F0-38E5-93B4-D75CDF8F2126}.RelWithDebInfo|x64.ActiveCfg = RelWithDebInfo|x64
		{090F62E8-33F0-38E5-93B4-D75CDF8F2126}.RelWithDebInfo|x64.Build.0 = RelWithDebInfo|x64
		{813107E3-D6C7-3117-962B-265DEDB9BB77}.Debug|x64.ActiveCfg = Debug|x64
		{813107E3-D6C7-3117-962B-265DEDB9BB77}.Debug|x64.Build.0 = Debug|x64
		{813107E3-D6C7-3117-962B-265DEDB9BB77}.Release|x64.ActiveCfg = Release|x64
		{813107E3-D6C7-3117-962B-265DEDB9BB77}.Release|x64.Build.0 = Release|x64
		{813107E3-D6C7-3117-962B-265DEDB9BB77}.MinSizeRel|x64.ActiveCfg = MinSizeRel|x64
		{813107E3-D6C7-3117-962B-265DEDB9BB77}.MinSizeRel|x64.Build.0 = MinSizeRel|x64
		{813107E3-D6C7-3117-962B-265DEDB9BB77}.RelWithDebInfo|x64.ActiveCfg = RelWithDebInfo|x64
		{813107E3-D6C7-3117-962B-265DEDB9BB77}.RelWithDebInfo|x64.Build.0 = RelWithDebInfo|x64
		{D78B9DF0-CB69-3B5B-A214-E520468F4A69}.Debug|x64.ActiveCfg = Debug|x64
		{D78B9DF0-CB69-3B5B-A214-E520468F4A69}.Debug|x64.Build.0 = Debug|x64
		{D78B9DF0-CB69-3B5B-A214-E520468F4A69}.Release|x64.ActiveCfg = Release|x64
		{D78B9DF0-CB69-3B5B-A214-E520468F4A69}.Release|x64.Build.0 = Release|x64
		{D78B9DF0-CB69-3B5B-A214-E520468F4A69}.MinSizeRel|x64.ActiveCfg = MinSizeRel|x64
		{D78B9DF0-CB69-3B5B-A214-E520468F4A69}.MinSizeRel|x64.Build.0 = MinSizeRel|x64
		{D78B9DF0-CB69-3B5B-A214-E520468F4A69}.RelWithDebInfo|x64.ActiveCfg = RelWithDebInfo|x64
		{D78B9DF0-CB69-3B5B-A214-E520468F4A69}.RelWithDebInfo|x64.Build.0 = RelWithDebInfo|x64
	EndGlobalSection
	GlobalSection(NestedProjects) = preSolution
		{6548473D-38A3-3178-A597-98F5D5A927AF} = {D99913F4-FBAD-3224-AE53-4D1D5C242CF9}
		{E3FADB1D-1317-3D01-9E61-A6118FB22A39} = {D99913F4-FBAD-3224-AE53-4D1D5C242CF9}
		{92CEB648-5223-32E0-9EDC-CA0EBB94D490} = {D99913F4-FBAD-3224-AE53-4D1D5C242CF9}
	EndGlobalSection
	GlobalSection(ExtensibilityGlobals) = postSolution
		SolutionGuid = {EF23487D-AA80-31EA-8200-F69858F15C59}
	EndGlobalSection
	GlobalSection(ExtensibilityAddIns) = postSolution
	EndGlobalSection
EndGlobal
